// !$*UTF8*$!
{
	archiveVersion = 1;
	classes = {
	};
	objectVersion = 46;
	objects = {

/* Begin PBXBuildFile section */
		0511009C1EB47D8F00E69248 /* AppDelegate.swift in Sources */ = {isa = PBXBuildFile; fileRef = 0511009B1EB47D8F00E69248 /* AppDelegate.swift */; };
		0511009E1EB47D8F00E69248 /* ViewController.swift in Sources */ = {isa = PBXBuildFile; fileRef = 0511009D1EB47D8F00E69248 /* ViewController.swift */; };
		051100A11EB47D8F00E69248 /* Main.storyboard in Resources */ = {isa = PBXBuildFile; fileRef = 0511009F1EB47D8F00E69248 /* Main.storyboard */; };
		051100A31EB47D8F00E69248 /* Assets.xcassets in Resources */ = {isa = PBXBuildFile; fileRef = 051100A21EB47D8F00E69248 /* Assets.xcassets */; };
		051100A61EB47D8F00E69248 /* LaunchScreen.storyboard in Resources */ = {isa = PBXBuildFile; fileRef = 051100A41EB47D8F00E69248 /* LaunchScreen.storyboard */; };
		051100B11EB47D9000E69248 /* ManagerEventsTests.swift in Sources */ = {isa = PBXBuildFile; fileRef = 051100B01EB47D9000E69248 /* ManagerEventsTests.swift */; };
		051100BC1EB47D9000E69248 /* ManagerEventsUITests.swift in Sources */ = {isa = PBXBuildFile; fileRef = 051100BB1EB47D9000E69248 /* ManagerEventsUITests.swift */; };
/* End PBXBuildFile section */

/* Begin PBXContainerItemProxy section */
		051100AD1EB47D8F00E69248 /* PBXContainerItemProxy */ = {
			isa = PBXContainerItemProxy;
			containerPortal = 051100901EB47D8E00E69248 /* Project object */;
			proxyType = 1;
			remoteGlobalIDString = 051100971EB47D8F00E69248;
			remoteInfo = ManagerEvents;
		};
		051100B81EB47D9000E69248 /* PBXContainerItemProxy */ = {
			isa = PBXContainerItemProxy;
			containerPortal = 051100901EB47D8E00E69248 /* Project object */;
			proxyType = 1;
			remoteGlobalIDString = 051100971EB47D8F00E69248;
			remoteInfo = ManagerEvents;
		};
/* End PBXContainerItemProxy section */

/* Begin PBXFileReference section */
		051100981EB47D8F00E69248 /* ManagerEvents.app */ = {isa = PBXFileReference; explicitFileType = wrapper.application; includeInIndex = 0; path = ManagerEvents.app; sourceTree = BUILT_PRODUCTS_DIR; };
		0511009B1EB47D8F00E69248 /* AppDelegate.swift */ = {isa = PBXFileReference; lastKnownFileType = sourcecode.swift; path = AppDelegate.swift; sourceTree = "<group>"; };
		0511009D1EB47D8F00E69248 /* ViewController.swift */ = {isa = PBXFileReference; lastKnownFileType = sourcecode.swift; path = ViewController.swift; sourceTree = "<group>"; };
		051100A01EB47D8F00E69248 /* Base */ = {isa = PBXFileReference; lastKnownFileType = file.storyboard; name = Base; path = Base.lproj/Main.storyboard; sourceTree = "<group>"; };
		051100A21EB47D8F00E69248 /* Assets.xcassets */ = {isa = PBXFileReference; lastKnownFileType = folder.assetcatalog; path = Assets.xcassets; sourceTree = "<group>"; };
		051100A51EB47D8F00E69248 /* Base */ = {isa = PBXFileReference; lastKnownFileType = file.storyboard; name = Base; path = Base.lproj/LaunchScreen.storyboard; sourceTree = "<group>"; };
		051100A71EB47D8F00E69248 /* Info.plist */ = {isa = PBXFileReference; lastKnownFileType = text.plist.xml; path = Info.plist; sourceTree = "<group>"; };
		051100AC1EB47D8F00E69248 /* ManagerEventsTests.xctest */ = {isa = PBXFileReference; explicitFileType = wrapper.cfbundle; includeInIndex = 0; path = ManagerEventsTests.xctest; sourceTree = BUILT_PRODUCTS_DIR; };
		051100B01EB47D9000E69248 /* ManagerEventsTests.swift */ = {isa = PBXFileReference; lastKnownFileType = sourcecode.swift; path = ManagerEventsTests.swift; sourceTree = "<group>"; };
		051100B21EB47D9000E69248 /* Info.plist */ = {isa = PBXFileReference; lastKnownFileType = text.plist.xml; path = Info.plist; sourceTree = "<group>"; };
		051100B71EB47D9000E69248 /* ManagerEventsUITests.xctest */ = {isa = PBXFileReference; explicitFileType = wrapper.cfbundle; includeInIndex = 0; path = ManagerEventsUITests.xctest; sourceTree = BUILT_PRODUCTS_DIR; };
		051100BB1EB47D9000E69248 /* ManagerEventsUITests.swift */ = {isa = PBXFileReference; lastKnownFileType = sourcecode.swift; path = ManagerEventsUITests.swift; sourceTree = "<group>"; };
		051100BD1EB47D9000E69248 /* Info.plist */ = {isa = PBXFileReference; lastKnownFileType = text.plist.xml; path = Info.plist; sourceTree = "<group>"; };
/* End PBXFileReference section */

/* Begin PBXFrameworksBuildPhase section */
		051100951EB47D8F00E69248 /* Frameworks */ = {
			isa = PBXFrameworksBuildPhase;
			buildActionMask = 2147483647;
			files = (
			);
			runOnlyForDeploymentPostprocessing = 0;
		};
		051100A91EB47D8F00E69248 /* Frameworks */ = {
			isa = PBXFrameworksBuildPhase;
			buildActionMask = 2147483647;
			files = (
			);
			runOnlyForDeploymentPostprocessing = 0;
		};
		051100B41EB47D9000E69248 /* Frameworks */ = {
			isa = PBXFrameworksBuildPhase;
			buildActionMask = 2147483647;
			files = (
			);
			runOnlyForDeploymentPostprocessing = 0;
		};
/* End PBXFrameworksBuildPhase section */

/* Begin PBXGroup section */
		0511008F1EB47D8E00E69248 = {
			isa = PBXGroup;
			children = (
				0511009A1EB47D8F00E69248 /* ManagerEvents */,
				051100AF1EB47D9000E69248 /* ManagerEventsTests */,
				051100BA1EB47D9000E69248 /* ManagerEventsUITests */,
				051100991EB47D8F00E69248 /* Products */,
			);
			sourceTree = "<group>";
		};
		051100991EB47D8F00E69248 /* Products */ = {
			isa = PBXGroup;
			children = (
				051100981EB47D8F00E69248 /* ManagerEvents.app */,
				051100AC1EB47D8F00E69248 /* ManagerEventsTests.xctest */,
				051100B71EB47D9000E69248 /* ManagerEventsUITests.xctest */,
			);
			name = Products;
			sourceTree = "<group>";
		};
		0511009A1EB47D8F00E69248 /* ManagerEvents */ = {
			isa = PBXGroup;
			children = (
				0511009B1EB47D8F00E69248 /* AppDelegate.swift */,
				0511009D1EB47D8F00E69248 /* ViewController.swift */,
				0511009F1EB47D8F00E69248 /* Main.storyboard */,
				051100A21EB47D8F00E69248 /* Assets.xcassets */,
				051100A41EB47D8F00E69248 /* LaunchScreen.storyboard */,
				051100A71EB47D8F00E69248 /* Info.plist */,
			);
			path = ManagerEvents;
			sourceTree = "<group>";
		};
		051100AF1EB47D9000E69248 /* ManagerEventsTests */ = {
			isa = PBXGroup;
			children = (
				051100B01EB47D9000E69248 /* ManagerEventsTests.swift */,
				051100B21EB47D9000E69248 /* Info.plist */,
			);
			path = ManagerEventsTests;
			sourceTree = "<group>";
		};
		051100BA1EB47D9000E69248 /* ManagerEventsUITests */ = {
			isa = PBXGroup;
			children = (
				051100BB1EB47D9000E69248 /* ManagerEventsUITests.swift */,
				051100BD1EB47D9000E69248 /* Info.plist */,
			);
			path = ManagerEventsUITests;
			sourceTree = "<group>";
		};
/* End PBXGroup section */

/* Begin PBXNativeTarget section */
		051100971EB47D8F00E69248 /* ManagerEvents */ = {
			isa = PBXNativeTarget;
			buildConfigurationList = 051100C01EB47D9000E69248 /* Build configuration list for PBXNativeTarget "ManagerEvents" */;
			buildPhases = (
				051100941EB47D8F00E69248 /* Sources */,
				051100951EB47D8F00E69248 /* Frameworks */,
				051100961EB47D8F00E69248 /* Resources */,
			);
			buildRules = (
			);
			dependencies = (
			);
			name = ManagerEvents;
			productName = ManagerEvents;
			productReference = 051100981EB47D8F00E69248 /* ManagerEvents.app */;
			productType = "com.apple.product-type.application";
		};
		051100AB1EB47D8F00E69248 /* ManagerEventsTests */ = {
			isa = PBXNativeTarget;
			buildConfigurationList = 051100C31EB47D9000E69248 /* Build configuration list for PBXNativeTarget "ManagerEventsTests" */;
			buildPhases = (
				051100A81EB47D8F00E69248 /* Sources */,
				051100A91EB47D8F00E69248 /* Frameworks */,
				051100AA1EB47D8F00E69248 /* Resources */,
			);
			buildRules = (
			);
			dependencies = (
				051100AE1EB47D8F00E69248 /* PBXTargetDependency */,
			);
			name = ManagerEventsTests;
			productName = ManagerEventsTests;
			productReference = 051100AC1EB47D8F00E69248 /* ManagerEventsTests.xctest */;
			productType = "com.apple.product-type.bundle.unit-test";
		};
		051100B61EB47D9000E69248 /* ManagerEventsUITests */ = {
			isa = PBXNativeTarget;
			buildConfigurationList = 051100C61EB47D9000E69248 /* Build configuration list for PBXNativeTarget "ManagerEventsUITests" */;
			buildPhases = (
				051100B31EB47D9000E69248 /* Sources */,
				051100B41EB47D9000E69248 /* Frameworks */,
				051100B51EB47D9000E69248 /* Resources */,
			);
			buildRules = (
			);
			dependencies = (
				051100B91EB47D9000E69248 /* PBXTargetDependency */,
			);
			name = ManagerEventsUITests;
			productName = ManagerEventsUITests;
			productReference = 051100B71EB47D9000E69248 /* ManagerEventsUITests.xctest */;
			productType = "com.apple.product-type.bundle.ui-testing";
		};
/* End PBXNativeTarget section */

/* Begin PBXProject section */
		051100901EB47D8E00E69248 /* Project object */ = {
			isa = PBXProject;
			attributes = {
				LastSwiftUpdateCheck = 0830;
				LastUpgradeCheck = 0830;
				ORGANIZATIONNAME = HCMUTE;
				TargetAttributes = {
					051100971EB47D8F00E69248 = {
						CreatedOnToolsVersion = 8.3.2;
						ProvisioningStyle = Automatic;
					};
					051100AB1EB47D8F00E69248 = {
						CreatedOnToolsVersion = 8.3.2;
						ProvisioningStyle = Automatic;
						TestTargetID = 051100971EB47D8F00E69248;
					};
					051100B61EB47D9000E69248 = {
						CreatedOnToolsVersion = 8.3.2;
						ProvisioningStyle = Automatic;
						TestTargetID = 051100971EB47D8F00E69248;
					};
				};
			};
			buildConfigurationList = 051100931EB47D8E00E69248 /* Build configuration list for PBXProject "ManagerEvents" */;
			compatibilityVersion = "Xcode 3.2";
			developmentRegion = English;
			hasScannedForEncodings = 0;
			knownRegions = (
				en,
				Base,
			);
			mainGroup = 0511008F1EB47D8E00E69248;
			productRefGroup = 051100991EB47D8F00E69248 /* Products */;
			projectDirPath = "";
			projectRoot = "";
			targets = (
				051100971EB47D8F00E69248 /* ManagerEvents */,
				051100AB1EB47D8F00E69248 /* ManagerEventsTests */,
				051100B61EB47D9000E69248 /* ManagerEventsUITests */,
			);
		};
/* End PBXProject section */

/* Begin PBXResourcesBuildPhase section */
		051100961EB47D8F00E69248 /* Resources */ = {
			isa = PBXResourcesBuildPhase;
			buildActionMask = 2147483647;
			files = (
				051100A61EB47D8F00E69248 /* LaunchScreen.storyboard in Resources */,
				051100A31EB47D8F00E69248 /* Assets.xcassets in Resources */,
				051100A11EB47D8F00E69248 /* Main.storyboard in Resources */,
			);
			runOnlyForDeploymentPostprocessing = 0;
		};
		051100AA1EB47D8F00E69248 /* Resources */ = {
			isa = PBXResourcesBuildPhase;
			buildActionMask = 2147483647;
			files = (
			);
			runOnlyForDeploymentPostprocessing = 0;
		};
		051100B51EB47D9000E69248 /* Resources */ = {
			isa = PBXResourcesBuildPhase;
			buildActionMask = 2147483647;
			files = (
			);
			runOnlyForDeploymentPostprocessing = 0;
		};
/* End PBXResourcesBuildPhase section */

/* Begin PBXSourcesBuildPhase section */
		051100941EB47D8F00E69248 /* Sources */ = {
			isa = PBXSourcesBuildPhase;
			buildActionMask = 2147483647;
			files = (
				0511009E1EB47D8F00E69248 /* ViewController.swift in Sources */,
				0511009C1EB47D8F00E69248 /* AppDelegate.swift in Sources */,
			);
			runOnlyForDeploymentPostprocessing = 0;
		};
		051100A81EB47D8F00E69248 /* Sources */ = {
			isa = PBXSourcesBuildPhase;
			buildActionMask = 2147483647;
			files = (
				051100B11EB47D9000E69248 /* ManagerEventsTests.swift in Sources */,
			);
			runOnlyForDeploymentPostprocessing = 0;
		};
		051100B31EB47D9000E69248 /* Sources */ = {
			isa = PBXSourcesBuildPhase;
			buildActionMask = 2147483647;
			files = (
				051100BC1EB47D9000E69248 /* ManagerEventsUITests.swift in Sources */,
			);
			runOnlyForDeploymentPostprocessing = 0;
		};
/* End PBXSourcesBuildPhase section */

/* Begin PBXTargetDependency section */
		051100AE1EB47D8F00E69248 /* PBXTargetDependency */ = {
			isa = PBXTargetDependency;
			target = 051100971EB47D8F00E69248 /* ManagerEvents */;
			targetProxy = 051100AD1EB47D8F00E69248 /* PBXContainerItemProxy */;
		};
		051100B91EB47D9000E69248 /* PBXTargetDependency */ = {
			isa = PBXTargetDependency;
			target = 051100971EB47D8F00E69248 /* ManagerEvents */;
			targetProxy = 051100B81EB47D9000E69248 /* PBXContainerItemProxy */;
		};
/* End PBXTargetDependency section */

/* Begin PBXVariantGroup section */
		0511009F1EB47D8F00E69248 /* Main.storyboard */ = {
			isa = PBXVariantGroup;
			children = (
				051100A01EB47D8F00E69248 /* Base */,
			);
			name = Main.storyboard;
			sourceTree = "<group>";
		};
		051100A41EB47D8F00E69248 /* LaunchScreen.storyboard */ = {
			isa = PBXVariantGroup;
			children = (
				051100A51EB47D8F00E69248 /* Base */,
			);
			name = LaunchScreen.storyboard;
			sourceTree = "<group>";
		};
/* End PBXVariantGroup section */

/* Begin XCBuildConfiguration section */
		051100BE1EB47D9000E69248 /* Debug */ = {
			isa = XCBuildConfiguration;
			buildSettings = {
				ALWAYS_SEARCH_USER_PATHS = NO;
				CLANG_ANALYZER_NONNULL = YES;
				CLANG_ANALYZER_NUMBER_OBJECT_CONVERSION = YES_AGGRESSIVE;
				CLANG_CXX_LANGUAGE_STANDARD = "gnu++0x";
				CLANG_CXX_LIBRARY = "libc++";
				CLANG_ENABLE_MODULES = YES;
				CLANG_ENABLE_OBJC_ARC = YES;
				CLANG_WARN_BOOL_CONVERSION = YES;
				CLANG_WARN_CONSTANT_CONVERSION = YES;
				CLANG_WARN_DIRECT_OBJC_ISA_USAGE = YES_ERROR;
				CLANG_WARN_DOCUMENTATION_COMMENTS = YES;
				CLANG_WARN_EMPTY_BODY = YES;
				CLANG_WARN_ENUM_CONVERSION = YES;
				CLANG_WARN_INFINITE_RECURSION = YES;
				CLANG_WARN_INT_CONVERSION = YES;
				CLANG_WARN_OBJC_ROOT_CLASS = YES_ERROR;
				CLANG_WARN_SUSPICIOUS_MOVE = YES;
				CLANG_WARN_UNREACHABLE_CODE = YES;
				CLANG_WARN__DUPLICATE_METHOD_MATCH = YES;
				"CODE_SIGN_IDENTITY[sdk=iphoneos*]" = "iPhone Developer";
				COPY_PHASE_STRIP = NO;
				DEBUG_INFORMATION_FORMAT = dwarf;
				ENABLE_STRICT_OBJC_MSGSEND = YES;
				ENABLE_TESTABILITY = YES;
				GCC_C_LANGUAGE_STANDARD = gnu99;
				GCC_DYNAMIC_NO_PIC = NO;
				GCC_NO_COMMON_BLOCKS = YES;
				GCC_OPTIMIZATION_LEVEL = 0;
				GCC_PREPROCESSOR_DEFINITIONS = (
					"DEBUG=1",
					"$(inherited)",
				);
				GCC_WARN_64_TO_32_BIT_CONVERSION = YES;
				GCC_WARN_ABOUT_RETURN_TYPE = YES_ERROR;
				GCC_WARN_UNDECLARED_SELECTOR = YES;
				GCC_WARN_UNINITIALIZED_AUTOS = YES_AGGRESSIVE;
				GCC_WARN_UNUSED_FUNCTION = YES;
				GCC_WARN_UNUSED_VARIABLE = YES;
				IPHONEOS_DEPLOYMENT_TARGET = 10.3;
				MTL_ENABLE_DEBUG_INFO = YES;
				ONLY_ACTIVE_ARCH = YES;
				SDKROOT = iphoneos;
				SWIFT_ACTIVE_COMPILATION_CONDITIONS = DEBUG;
				SWIFT_OPTIMIZATION_LEVEL = "-Onone";
				TARGETED_DEVICE_FAMILY = "1,2";
			};
			name = Debug;
		};
		051100BF1EB47D9000E69248 /* Release */ = {
			isa = XCBuildConfiguration;
			buildSettings = {
				ALWAYS_SEARCH_USER_PATHS = NO;
				CLANG_ANALYZER_NONNULL = YES;
				CLANG_ANALYZER_NUMBER_OBJECT_CONVERSION = YES_AGGRESSIVE;
				CLANG_CXX_LANGUAGE_STANDARD = "gnu++0x";
				CLANG_CXX_LIBRARY = "libc++";
				CLANG_ENABLE_MODULES = YES;
				CLANG_ENABLE_OBJC_ARC = YES;
				CLANG_WARN_BOOL_CONVERSION = YES;
				CLANG_WARN_CONSTANT_CONVERSION = YES;
				CLANG_WARN_DIRECT_OBJC_ISA_USAGE = YES_ERROR;
				CLANG_WARN_DOCUMENTATION_COMMENTS = YES;
				CLANG_WARN_EMPTY_BODY = YES;
				CLANG_WARN_ENUM_CONVERSION = YES;
				CLANG_WARN_INFINITE_RECURSION = YES;
				CLANG_WARN_INT_CONVERSION = YES;
				CLANG_WARN_OBJC_ROOT_CLASS = YES_ERROR;
				CLANG_WARN_SUSPICIOUS_MOVE = YES;
				CLANG_WARN_UNREACHABLE_CODE = YES;
				CLANG_WARN__DUPLICATE_METHOD_MATCH = YES;
				"CODE_SIGN_IDENTITY[sdk=iphoneos*]" = "iPhone Developer";
				COPY_PHASE_STRIP = NO;
				DEBUG_INFORMATION_FORMAT = "dwarf-with-dsym";
				ENABLE_NS_ASSERTIONS = NO;
				ENABLE_STRICT_OBJC_MSGSEND = YES;
				GCC_C_LANGUAGE_STANDARD = gnu99;
				GCC_NO_COMMON_BLOCKS = YES;
				GCC_WARN_64_TO_32_BIT_CONVERSION = YES;
				GCC_WARN_ABOUT_RETURN_TYPE = YES_ERROR;
				GCC_WARN_UNDECLARED_SELECTOR = YES;
				GCC_WARN_UNINITIALIZED_AUTOS = YES_AGGRESSIVE;
				GCC_WARN_UNUSED_FUNCTION = YES;
				GCC_WARN_UNUSED_VARIABLE = YES;
				IPHONEOS_DEPLOYMENT_TARGET = 10.3;
				MTL_ENABLE_DEBUG_INFO = NO;
				SDKROOT = iphoneos;
				SWIFT_OPTIMIZATION_LEVEL = "-Owholemodule";
				TARGETED_DEVICE_FAMILY = "1,2";
				VALIDATE_PRODUCT = YES;
			};
			name = Release;
		};
		051100C11EB47D9000E69248 /* Debug */ = {
			isa = XCBuildConfiguration;
			buildSettings = {
				ASSETCATALOG_COMPILER_APPICON_NAME = AppIcon;
				INFOPLIST_FILE = ManagerEvents/Info.plist;
				LD_RUNPATH_SEARCH_PATHS = "$(inherited) @executable_path/Frameworks";
				PRODUCT_BUNDLE_IDENTIFIER = IT.ManagerEvents;
				PRODUCT_NAME = "$(TARGET_NAME)";
				SWIFT_VERSION = 3.0;
			};
			name = Debug;
		};
		051100C21EB47D9000E69248 /* Release */ = {
			isa = XCBuildConfiguration;
			buildSettings = {
				ASSETCATALOG_COMPILER_APPICON_NAME = AppIcon;
				INFOPLIST_FILE = ManagerEvents/Info.plist;
				LD_RUNPATH_SEARCH_PATHS = "$(inherited) @executable_path/Frameworks";
				PRODUCT_BUNDLE_IDENTIFIER = IT.ManagerEvents;
				PRODUCT_NAME = "$(TARGET_NAME)";
				SWIFT_VERSION = 3.0;
			};
			name = Release;
		};
		051100C41EB47D9000E69248 /* Debug */ = {
			isa = XCBuildConfiguration;
			buildSettings = {
				ALWAYS_EMBED_SWIFT_STANDARD_LIBRARIES = YES;
				BUNDLE_LOADER = "$(TEST_HOST)";
				INFOPLIST_FILE = ManagerEventsTests/Info.plist;
				LD_RUNPATH_SEARCH_PATHS = "$(inherited) @executable_path/Frameworks @loader_path/Frameworks";
				PRODUCT_BUNDLE_IDENTIFIER = IT.ManagerEventsTests;
				PRODUCT_NAME = "$(TARGET_NAME)";
				SWIFT_VERSION = 3.0;
				TEST_HOST = "$(BUILT_PRODUCTS_DIR)/ManagerEvents.app/ManagerEvents";
			};
			name = Debug;
		};
		051100C51EB47D9000E69248 /* Release */ = {
			isa = XCBuildConfiguration;
			buildSettings = {
				ALWAYS_EMBED_SWIFT_STANDARD_LIBRARIES = YES;
				BUNDLE_LOADER = "$(TEST_HOST)";
				INFOPLIST_FILE = ManagerEventsTests/Info.plist;
				LD_RUNPATH_SEARCH_PATHS = "$(inherited) @executable_path/Frameworks @loader_path/Frameworks";
				PRODUCT_BUNDLE_IDENTIFIER = IT.ManagerEventsTests;
				PRODUCT_NAME = "$(TARGET_NAME)";
				SWIFT_VERSION = 3.0;
				TEST_HOST = "$(BUILT_PRODUCTS_DIR)/ManagerEvents.app/ManagerEvents";
			};
			name = Release;
		};
		051100C71EB47D9000E69248 /* Debug */ = {
			isa = XCBuildConfiguration;
			buildSettings = {
				ALWAYS_EMBED_SWIFT_STANDARD_LIBRARIES = YES;
				INFOPLIST_FILE = ManagerEventsUITests/Info.plist;
				LD_RUNPATH_SEARCH_PATHS = "$(inherited) @executable_path/Frameworks @loader_path/Frameworks";
				PRODUCT_BUNDLE_IDENTIFIER = IT.ManagerEventsUITests;
				PRODUCT_NAME = "$(TARGET_NAME)";
				SWIFT_VERSION = 3.0;
				TEST_TARGET_NAME = ManagerEvents;
			};
			name = Debug;
		};
		051100C81EB47D9000E69248 /* Release */ = {
			isa = XCBuildConfiguration;
			buildSettings = {
				ALWAYS_EMBED_SWIFT_STANDARD_LIBRARIES = YES;
				INFOPLIST_FILE = ManagerEventsUITests/Info.plist;
				LD_RUNPATH_SEARCH_PATHS = "$(inherited) @executable_path/Frameworks @loader_path/Frameworks";
				PRODUCT_BUNDLE_IDENTIFIER = IT.ManagerEventsUITests;
				PRODUCT_NAME = "$(TARGET_NAME)";
				SWIFT_VERSION = 3.0;
				TEST_TARGET_NAME = ManagerEvents;
			};
			name = Release;
		};
/* End XCBuildConfiguration section */

/* Begin XCConfigurationList section */
		051100931EB47D8E00E69248 /* Build configuration list for PBXProject "ManagerEvents" */ = {
			isa = XCConfigurationList;
			buildConfigurations = (
				051100BE1EB47D9000E69248 /* Debug */,
				051100BF1EB47D9000E69248 /* Release */,
			);
			defaultConfigurationIsVisible = 0;
			defaultConfigurationName = Release;
		};
		051100C01EB47D9000E69248 /* Build configuration list for PBXNativeTarget "ManagerEvents" */ = {
			isa = XCConfigurationList;
			buildConfigurations = (
				051100C11EB47D9000E69248 /* Debug */,
				051100C21EB47D9000E69248 /* Release */,
			);
			defaultConfigurationIsVisible = 0;
		};
		051100C31EB47D9000E69248 /* Build configuration list for PBXNativeTarget "ManagerEventsTests" */ = {
			isa = XCConfigurationList;
			buildConfigurations = (
				051100C41EB47D9000E69248 /* Debug */,
				051100C51EB47D9000E69248 /* Release */,
			);
			defaultConfigurationIsVisible = 0;
		};
		051100C61EB47D9000E69248 /* Build configuration list for PBXNativeTarget "ManagerEventsUITests" */ = {
			isa = XCConfigurationList;
			buildConfigurations = (
				051100C71EB47D9000E69248 /* Debug */,
				051100C81EB47D9000E69248 /* Release */,
			);
			defaultConfigurationIsVisible = 0;
		};
/* End XCConfigurationList section */
	};
	rootObject = 051100901EB47D8E00E69248 /* Project object */;
}
